
Microsoft Visual Studio Solution File, Format Version 12.00
# Visual Studio 15
Project("{FAE04EC0-301F-11D3-BF4B-00C04F79EFBC}") = "Sirenix.OdinInspector.CompatibilityLayer", "Sirenix.OdinInspector.CompatibilityLayer.csproj", "{AF902C72-C544-48DD-CF0A-34019E7DB26A}"
EndProject
Project("{FAE04EC0-301F-11D3-BF4B-00C04F79EFBC}") = "Assembly-CSharp", "Assembly-CSharp.csproj", "{F9D56BD8-B4D8-D61D-3819-59FB79E373C3}"
EndProject
Project("{FAE04EC0-301F-11D3-BF4B-00C04F79EFBC}") = "Sirenix.OdinInspector.CompatibilityLayer.Editor", "Sirenix.OdinInspector.CompatibilityLayer.Editor.csproj", "{B934F29E-CC0B-3B17-A16F-EBC1EB713B38}"
EndProject
Project("{FAE04EC0-301F-11D3-BF4B-00C04F79EFBC}") = "Assembly-CSharp-Editor-firstpass", "Assembly-CSharp-Editor-firstpass.csproj", "{279E95C6-5FE9-7AD1-CFC9-D34FA144E06E}"
EndProject
Project("{FAE04EC0-301F-11D3-BF4B-00C04F79EFBC}") = "Assembly-CSharp-Editor", "Assembly-CSharp-Editor.csproj", "{5C6F9C18-79EA-A6AB-3EEA-EC846F5193A5}"
EndProject
Global
	GlobalSection(SolutionConfigurationPlatforms) = preSolution
		Debug|Any CPU = Debug|Any CPU
		Release|Any CPU = Release|Any CPU
	EndGlobalSection
	GlobalSection(ProjectConfigurationPlatforms) = postSolution
		{AF902C72-C544-48DD-CF0A-34019E7DB26A}.Debug|Any CPU.ActiveCfg = Debug|Any CPU
		{AF902C72-C544-48DD-CF0A-34019E7DB26A}.Debug|Any CPU.Build.0 = Debug|Any CPU
		{AF902C72-C544-48DD-CF0A-34019E7DB26A}.Release|Any CPU.ActiveCfg = Release|Any CPU
		{AF902C72-C544-48DD-CF0A-34019E7DB26A}.Release|Any CPU.Build.0 = Release|Any CPU
		{F9D56BD8-B4D8-D61D-3819-59FB79E373C3}.Debug|Any CPU.ActiveCfg = Debug|Any CPU
		{F9D56BD8-B4D8-D61D-3819-59FB79E373C3}.Debug|Any CPU.Build.0 = Debug|Any CPU
		{F9D56BD8-B4D8-D61D-3819-59FB79E373C3}.Release|Any CPU.ActiveCfg = Release|Any CPU
		{F9D56BD8-B4D8-D61D-3819-59FB79E373C3}.Release|Any CPU.Build.0 = Release|Any CPU
		{B934F29E-CC0B-3B17-A16F-EBC1EB713B38}.Debug|Any CPU.ActiveCfg = Debug|Any CPU
		{B934F29E-CC0B-3B17-A16F-EBC1EB713B38}.Debug|Any CPU.Build.0 = Debug|Any CPU
		{B934F29E-CC0B-3B17-A16F-EBC1EB713B38}.Release|Any CPU.ActiveCfg = Release|Any CPU
		{B934F29E-CC0B-3B17-A16F-EBC1EB713B38}.Release|Any CPU.Build.0 = Release|Any CPU
		{279E95C6-5FE9-7AD1-CFC9-D34FA144E06E}.Debug|Any CPU.ActiveCfg = Debug|Any CPU
		{279E95C6-5FE9-7AD1-CFC9-D34FA144E06E}.Debug|Any CPU.Build.0 = Debug|Any CPU
		{279E95C6-5FE9-7AD1-CFC9-D34FA144E06E}.Release|Any CPU.ActiveCfg = Release|Any CPU
		{279E95C6-5FE9-7AD1-CFC9-D34FA144E06E}.Release|Any CPU.Build.0 = Release|Any CPU
		{5C6F9C18-79EA-A6AB-3EEA-EC846F5193A5}.Debug|Any CPU.ActiveCfg = Debug|Any CPU
		{5C6F9C18-79EA-A6AB-3EEA-EC846F5193A5}.Debug|Any CPU.Build.0 = Debug|Any CPU
		{5C6F9C18-79EA-A6AB-3EEA-EC846F5193A5}.Release|Any CPU.ActiveCfg = Release|Any CPU
		{5C6F9C18-79EA-A6AB-3EEA-EC846F5193A5}.Release|Any CPU.Build.0 = Release|Any CPU
	EndGlobalSection
	GlobalSection(SolutionProperties) = preSolution
		HideSolutionNode = FALSE
	EndGlobalSection
EndGlobal
